
Microsoft Visual Studio Solution File, Format Version 12.00
# Visual Studio Version 17
VisualStudioVersion = 17.14.36301.6 d17.14
MinimumVisualStudioVersion = 10.0.40219.1
Project("{FAE04EC0-301F-11D3-BF4B-00C04F79EFBC}") = "CoreShelf.Core", "CoreShelf.Core\CoreShelf.Core.csproj", "{C569D7D5-70B2-40CE-84F0-CE3D459C3FC3}"
EndProject
Project("{FAE04EC0-301F-11D3-BF4B-00C04F79EFBC}") = "CoreShelf.Infrastructure", "CoreShelf.Infrastructure\CoreShelf.Infrastructure.csproj", "{72A0851F-71FB-435B-90E8-8341036F7595}"
EndProject
Project("{FAE04EC0-301F-11D3-BF4B-00C04F79EFBC}") = "CoreShelf.API", "CoreShelf.API\CoreShelf.API.csproj", "{457B0219-43B1-4F7F-B50B-8B97CBE1F9F4}"
EndProject
Global
	GlobalSection(SolutionConfigurationPlatforms) = preSolution
		Debug|Any CPU = Debug|Any CPU
		Release|Any CPU = Release|Any CPU
	EndGlobalSection
	GlobalSection(ProjectConfigurationPlatforms) = postSolution
		{C569D7D5-70B2-40CE-84F0-CE3D459C3FC3}.Debug|Any CPU.ActiveCfg = Debug|Any CPU
		{C569D7D5-70B2-40CE-84F0-CE3D459C3FC3}.Debug|Any CPU.Build.0 = Debug|Any CPU
		{C569D7D5-70B2-40CE-84F0-CE3D459C3FC3}.Release|Any CPU.ActiveCfg = Release|Any CPU
		{C569D7D5-70B2-40CE-84F0-CE3D459C3FC3}.Release|Any CPU.Build.0 = Release|Any CPU
		{72A0851F-71FB-435B-90E8-8341036F7595}.Debug|Any CPU.ActiveCfg = Debug|Any CPU
		{72A0851F-71FB-435B-90E8-8341036F7595}.Debug|Any CPU.Build.0 = Debug|Any CPU
		{72A0851F-71FB-435B-90E8-8341036F7595}.Release|Any CPU.ActiveCfg = Release|Any CPU
		{72A0851F-71FB-435B-90E8-8341036F7595}.Release|Any CPU.Build.0 = Release|Any CPU
		{457B0219-43B1-4F7F-B50B-8B97CBE1F9F4}.Debug|Any CPU.ActiveCfg = Debug|Any CPU
		{457B0219-43B1-4F7F-B50B-8B97CBE1F9F4}.Debug|Any CPU.Build.0 = Debug|Any CPU
		{457B0219-43B1-4F7F-B50B-8B97CBE1F9F4}.Release|Any CPU.ActiveCfg = Release|Any CPU
		{457B0219-43B1-4F7F-B50B-8B97CBE1F9F4}.Release|Any CPU.Build.0 = Release|Any CPU
	EndGlobalSection
	GlobalSection(SolutionProperties) = preSolution
		HideSolutionNode = FALSE
	EndGlobalSection
	GlobalSection(ExtensibilityGlobals) = postSolution
		SolutionGuid = {EB481968-DC6F-4794-8B94-4A3AD5DCEA91}
	EndGlobalSection
EndGlobal
